
Microsoft Visual Studio Solution File, Format Version 12.00
# Visual Studio 15
VisualStudioVersion = 15.0.27428.2015
MinimumVisualStudioVersion = 10.0.40219.1
Project("{FAE04EC0-301F-11D3-BF4B-00C04F79EFBC}") = "Testing_Github", "Testing_Github\Testing_Github.csproj", "{C181D11E-B6CF-44B0-8AED-A773A002597B}"
EndProject
Global
	GlobalSection(SolutionConfigurationPlatforms) = preSolution
		Debug|Any CPU = Debug|Any CPU
		Release|Any CPU = Release|Any CPU
	EndGlobalSection
	GlobalSection(ProjectConfigurationPlatforms) = postSolution
		{C181D11E-B6CF-44B0-8AED-A773A002597B}.Debug|Any CPU.ActiveCfg = Debug|Any CPU
		{C181D11E-B6CF-44B0-8AED-A773A002597B}.Debug|Any CPU.Build.0 = Debug|Any CPU
		{C181D11E-B6CF-44B0-8AED-A773A002597B}.Release|Any CPU.ActiveCfg = Release|Any CPU
		{C181D11E-B6CF-44B0-8AED-A773A002597B}.Release|Any CPU.Build.0 = Release|Any CPU
	EndGlobalSection
	GlobalSection(SolutionProperties) = preSolution
		HideSolutionNode = FALSE
	EndGlobalSection
	GlobalSection(ExtensibilityGlobals) = postSolution
		SolutionGuid = {6DAB45CA-0DB4-411B-AC44-32660FDEA52D}
	EndGlobalSection
EndGlobal
